// !$*UTF8*$!
{
	archiveVersion = 1;
	classes = {
	};
	objectVersion = 46;
	objects = {

/* Begin PBXBuildFile section */
		019D68D41DB93045002CF255 /* AppDelegate.swift in Sources */ = {isa = PBXBuildFile; fileRef = 019D68D31DB93045002CF255 /* AppDelegate.swift */; };
		019D68D61DB93045002CF255 /* ViewController.swift in Sources */ = {isa = PBXBuildFile; fileRef = 019D68D51DB93045002CF255 /* ViewController.swift */; };
		019D68D81DB93045002CF255 /* Assets.xcassets in Resources */ = {isa = PBXBuildFile; fileRef = 019D68D71DB93045002CF255 /* Assets.xcassets */; };
		019D68DB1DB93045002CF255 /* Main.storyboard in Resources */ = {isa = PBXBuildFile; fileRef = 019D68D91DB93045002CF255 /* Main.storyboard */; };
/* End PBXBuildFile section */

/* Begin PBXFileReference section */
		019D68D01DB93045002CF255 /* Link It.app */ = {isa = PBXFileReference; explicitFileType = wrapper.application; includeInIndex = 0; path = "Link It.app"; sourceTree = BUILT_PRODUCTS_DIR; };
		019D68D31DB93045002CF255 /* AppDelegate.swift */ = {isa = PBXFileReference; lastKnownFileType = sourcecode.swift; path = AppDelegate.swift; sourceTree = "<group>"; };
		019D68D51DB93045002CF255 /* ViewController.swift */ = {isa = PBXFileReference; lastKnownFileType = sourcecode.swift; path = ViewController.swift; sourceTree = "<group>"; };
		019D68D71DB93045002CF255 /* Assets.xcassets */ = {isa = PBXFileReference; lastKnownFileType = folder.assetcatalog; path = Assets.xcassets; sourceTree = "<group>"; };
		019D68DA1DB93045002CF255 /* Base */ = {isa = PBXFileReference; lastKnownFileType = file.storyboard; name = Base; path = Base.lproj/Main.storyboard; sourceTree = "<group>"; };
		019D68DC1DB93045002CF255 /* Info.plist */ = {isa = PBXFileReference; lastKnownFileType = text.plist.xml; path = Info.plist; sourceTree = "<group>"; };
/* End PBXFileReference section */

/* Begin PBXFrameworksBuildPhase section */
		019D68CD1DB93045002CF255 /* Frameworks */ = {
			isa = PBXFrameworksBuildPhase;
			buildActionMask = 2147483647;
			files = (
			);
			runOnlyForDeploymentPostprocessing = 0;
		};
/* End PBXFrameworksBuildPhase section */

/* Begin PBXGroup section */
		019D68C71DB93045002CF255 = {
			isa = PBXGroup;
			children = (
				019D68D21DB93045002CF255 /* Link It */,
				019D68D11DB93045002CF255 /* Products */,
			);
			sourceTree = "<group>";
		};
		019D68D11DB93045002CF255 /* Products */ = {
			isa = PBXGroup;
			children = (
				019D68D01DB93045002CF255 /* Link It.app */,
			);
			name = Products;
			sourceTree = "<group>";
		};
		019D68D21DB93045002CF255 /* Link It */ = {
			isa = PBXGroup;
			children = (
				019D68D31DB93045002CF255 /* AppDelegate.swift */,
				019D68D51DB93045002CF255 /* ViewController.swift */,
				019D68D71DB93045002CF255 /* Assets.xcassets */,
				019D68D91DB93045002CF255 /* Main.storyboard */,
				019D68DC1DB93045002CF255 /* Info.plist */,
			);
			path = "Link It";
			sourceTree = "<group>";
		};
/* End PBXGroup section */

/* Begin PBXNativeTarget section */
		019D68CF1DB93045002CF255 /* Link It */ = {
			isa = PBXNativeTarget;
			buildConfigurationList = 019D68DF1DB93045002CF255 /* Build configuration list for PBXNativeTarget "Link It" */;
			buildPhases = (
				019D68CC1DB93045002CF255 /* Sources */,
				019D68CD1DB93045002CF255 /* Frameworks */,
				019D68CE1DB93045002CF255 /* Resources */,
			);
			buildRules = (
			);
			dependencies = (
			);
			name = "Link It";
			productName = "Link It";
			productReference = 019D68D01DB93045002CF255 /* Link It.app */;
			productType = "com.apple.product-type.application";
		};
/* End PBXNativeTarget section */

/* Begin PBXProject section */
		019D68C81DB93045002CF255 /* Project object */ = {
			isa = PBXProject;
			attributes = {
				LastSwiftUpdateCheck = 0800;
				LastUpgradeCheck = 0800;
				ORGANIZATIONNAME = "Zappy Code";
				TargetAttributes = {
					019D68CF1DB93045002CF255 = {
						CreatedOnToolsVersion = 8.0;
						DevelopmentTeam = WLDBM3YRW9;
						ProvisioningStyle = Automatic;
					};
				};
			};
			buildConfigurationList = 019D68CB1DB93045002CF255 /* Build configuration list for PBXProject "Link It" */;
			compatibilityVersion = "Xcode 3.2";
			developmentRegion = English;
			hasScannedForEncodings = 0;
			knownRegions = (
				en,
				Base,
			);
			mainGroup = 019D68C71DB93045002CF255;
			productRefGroup = 019D68D11DB93045002CF255 /* Products */;
			projectDirPath = "";
			projectRoot = "";
			targets = (
				019D68CF1DB93045002CF255 /* Link It */,
			);
		};
/* End PBXProject section */

/* Begin PBXResourcesBuildPhase section */
		019D68CE1DB93045002CF255 /* Resources */ = {
			isa = PBXResourcesBuildPhase;
			buildActionMask = 2147483647;
			files = (
				019D68D81DB93045002CF255 /* Assets.xcassets in Resources */,
				019D68DB1DB93045002CF255 /* Main.storyboard in Resources */,
			);
			runOnlyForDeploymentPostprocessing = 0;
		};
/* End PBXResourcesBuildPhase section */

/* Begin PBXSourcesBuildPhase section */
		019D68CC1DB93045002CF255 /* Sources */ = {
			isa = PBXSourcesBuildPhase;
			buildActionMask = 2147483647;
			files = (
				019D68D61DB93045002CF255 /* ViewController.swift in Sources */,
				019D68D41DB93045002CF255 /* AppDelegate.swift in Sources */,
			);
			runOnlyForDeploymentPostprocessing = 0;
		};
/* End PBXSourcesBuildPhase section */

/* Begin PBXVariantGroup section */
		019D68D91DB93045002CF255 /* Main.storyboard */ = {
			isa = PBXVariantGroup;
			children = (
				019D68DA1DB93045002CF255 /* Base */,
			);
			name = Main.storyboard;
			sourceTree = "<group>";
		};
/* End PBXVariantGroup section */

/* Begin XCBuildConfiguration section */
		019D68DD1DB93045002CF255 /* Debug */ = {
			isa = XCBuildConfiguration;
			buildSettings = {
				ALWAYS_SEARCH_USER_PATHS = NO;
				CLANG_ANALYZER_NONNULL = YES;
				CLANG_CXX_LANGUAGE_STANDARD = "gnu++0x";
				CLANG_CXX_LIBRARY = "libc++";
				CLANG_ENABLE_MODULES = YES;
				CLANG_ENABLE_OBJC_ARC = YES;
				CLANG_WARN_BOOL_CONVERSION = YES;
				CLANG_WARN_CONSTANT_CONVERSION = YES;
				CLANG_WARN_DIRECT_OBJC_ISA_USAGE = YES_ERROR;
				CLANG_WARN_DOCUMENTATION_COMMENTS = YES;
				CLANG_WARN_EMPTY_BODY = YES;
				CLANG_WARN_ENUM_CONVERSION = YES;
				CLANG_WARN_INFINITE_RECURSION = YES;
				CLANG_WARN_INT_CONVERSION = YES;
				CLANG_WARN_OBJC_ROOT_CLASS = YES_ERROR;
				CLANG_WARN_SUSPICIOUS_MOVES = YES;
				CLANG_WARN_UNREACHABLE_CODE = YES;
				CLANG_WARN__DUPLICATE_METHOD_MATCH = YES;
				CODE_SIGN_IDENTITY = "-";
				COPY_PHASE_STRIP = NO;
				DEBUG_INFORMATION_FORMAT = dwarf;
				ENABLE_STRICT_OBJC_MSGSEND = YES;
				ENABLE_TESTABILITY = YES;
				GCC_C_LANGUAGE_STANDARD = gnu99;
				GCC_DYNAMIC_NO_PIC = NO;
				GCC_NO_COMMON_BLOCKS = YES;
				GCC_OPTIMIZATION_LEVEL = 0;
				GCC_PREPROCESSOR_DEFINITIONS = (
					"DEBUG=1",
					"$(inherited)",
				);
				GCC_WARN_64_TO_32_BIT_CONVERSION = YES;
				GCC_WARN_ABOUT_RETURN_TYPE = YES_ERROR;
				GCC_WARN_UNDECLARED_SELECTOR = YES;
				GCC_WARN_UNINITIALIZED_AUTOS = YES_AGGRESSIVE;
				GCC_WARN_UNUSED_FUNCTION = YES;
				GCC_WARN_UNUSED_VARIABLE = YES;
				MACOSX_DEPLOYMENT_TARGET = 10.12;
				MTL_ENABLE_DEBUG_INFO = YES;
				ONLY_ACTIVE_ARCH = YES;
				SDKROOT = macosx;
				SWIFT_ACTIVE_COMPILATION_CONDITIONS = DEBUG;
				SWIFT_OPTIMIZATION_LEVEL = "-Onone";
			};
			name = Debug;
		};
		019D68DE1DB93045002CF255 /* Release */ = {
			isa = XCBuildConfiguration;
			buildSettings = {
				ALWAYS_SEARCH_USER_PATHS = NO;
				CLANG_ANALYZER_NONNULL = YES;
				CLANG_CXX_LANGUAGE_STANDARD = "gnu++0x";
				CLANG_CXX_LIBRARY = "libc++";
				CLANG_ENABLE_MODULES = YES;
				CLANG_ENABLE_OBJC_ARC = YES;
				CLANG_WARN_BOOL_CONVERSION = YES;
				CLANG_WARN_CONSTANT_CONVERSION = YES;
				CLANG_WARN_DIRECT_OBJC_ISA_USAGE = YES_ERROR;
				CLANG_WARN_DOCUMENTATION_COMMENTS = YES;
				CLANG_WARN_EMPTY_BODY = YES;
				CLANG_WARN_ENUM_CONVERSION = YES;
				CLANG_WARN_INFINITE_RECURSION = YES;
				CLANG_WARN_INT_CONVERSION = YES;
				CLANG_WARN_OBJC_ROOT_CLASS = YES_ERROR;
				CLANG_WARN_SUSPICIOUS_MOVES = YES;
				CLANG_WARN_UNREACHABLE_CODE = YES;
				CLANG_WARN__DUPLICATE_METHOD_MATCH = YES;
				CODE_SIGN_IDENTITY = "-";
				COPY_PHASE_STRIP = NO;
				DEBUG_INFORMATION_FORMAT = "dwarf-with-dsym";
				ENABLE_NS_ASSERTIONS = NO;
				ENABLE_STRICT_OBJC_MSGSEND = YES;
				GCC_C_LANGUAGE_STANDARD = gnu99;
				GCC_NO_COMMON_BLOCKS = YES;
				GCC_WARN_64_TO_32_BIT_CONVERSION = YES;
				GCC_WARN_ABOUT_RETURN_TYPE = YES_ERROR;
				GCC_WARN_UNDECLARED_SELECTOR = YES;
				GCC_WARN_UNINITIALIZED_AUTOS = YES_AGGRESSIVE;
				GCC_WARN_UNUSED_FUNCTION = YES;
				GCC_WARN_UNUSED_VARIABLE = YES;
				MACOSX_DEPLOYMENT_TARGET = 10.12;
				MTL_ENABLE_DEBUG_INFO = NO;
				SDKROOT = macosx;
				SWIFT_OPTIMIZATION_LEVEL = "-Owholemodule";
			};
			name = Release;
		};
		019D68E01DB93045002CF255 /* Debug */ = {
			isa = XCBuildConfiguration;
			buildSettings = {
				ASSETCATALOG_COMPILER_APPICON_NAME = AppIcon;
				COMBINE_HIDPI_IMAGES = YES;
				DEVELOPMENT_TEAM = WLDBM3YRW9;
				INFOPLIST_FILE = "Link It/Info.plist";
				LD_RUNPATH_SEARCH_PATHS = "$(inherited) @executable_path/../Frameworks";
				PRODUCT_BUNDLE_IDENTIFIER = "com.zappyCode.Link-It";
				PRODUCT_NAME = "$(TARGET_NAME)";
				SWIFT_VERSION = 3.0;
			};
			name = Debug;
		};
		019D68E11DB93045002CF255 /* Release */ = {
			isa = XCBuildConfiguration;
			buildSettings = {
				ASSETCATALOG_COMPILER_APPICON_NAME = AppIcon;
				COMBINE_HIDPI_IMAGES = YES;
				DEVELOPMENT_TEAM = WLDBM3YRW9;
				INFOPLIST_FILE = "Link It/Info.plist";
				LD_RUNPATH_SEARCH_PATHS = "$(inherited) @executable_path/../Frameworks";
				PRODUCT_BUNDLE_IDENTIFIER = "com.zappyCode.Link-It";
				PRODUCT_NAME = "$(TARGET_NAME)";
				SWIFT_VERSION = 3.0;
			};
			name = Release;
		};
/* End XCBuildConfiguration section */

/* Begin XCConfigurationList section */
		019D68CB1DB93045002CF255 /* Build configuration list for PBXProject "Link It" */ = {
			isa = XCConfigurationList;
			buildConfigurations = (
				019D68DD1DB93045002CF255 /* Debug */,
				019D68DE1DB93045002CF255 /* Release */,
			);
			defaultConfigurationIsVisible = 0;
			defaultConfigurationName = Release;
		};
		019D68DF1DB93045002CF255 /* Build configuration list for PBXNativeTarget "Link It" */ = {
			isa = XCConfigurationList;
			buildConfigurations = (
				019D68E01DB93045002CF255 /* Debug */,
				019D68E11DB93045002CF255 /* Release */,
			);
			defaultConfigurationIsVisible = 0;
		};
/* End XCConfigurationList section */
	};
	rootObject = 019D68C81DB93045002CF255 /* Project object */;
}
